// !$*UTF8*$!
{
	archiveVersion = 1;
	classes = {
	};
	objectVersion = 46;
	objects = {

/* Begin PBXBuildFile section */
		8B090F4E1C107C310012D943 /* Default-568h@2x.png in Resources */ = {isa = PBXBuildFile; fileRef = 8B090F4D1C107C310012D943 /* Default-568h@2x.png */; };
		AD1D71091C1816E600118C26 /* searchbar_textfield_search_icon@2x.png in Resources */ = {isa = PBXBuildFile; fileRef = AD1D71081C1816E500118C26 /* searchbar_textfield_search_icon@2x.png */; };
		AD1D710C1C181A1900118C26 /* HSSearchBar.m in Sources */ = {isa = PBXBuildFile; fileRef = AD1D710B1C181A1900118C26 /* HSSearchBar.m */; };
		AD99D3511C167844001E78AD /* Info.plist in Resources */ = {isa = PBXBuildFile; fileRef = AD99D3501C167844001E78AD /* Info.plist */; };
		AD99D35A1C16A12E001E78AD /* UIBarButtonItem+Extension.m in Sources */ = {isa = PBXBuildFile; fileRef = AD99D3591C16A12E001E78AD /* UIBarButtonItem+Extension.m */; };
		AD99D35C1C16BC06001E78AD /* searchbar_textfield_background@2x.png in Resources */ = {isa = PBXBuildFile; fileRef = AD99D35B1C16BC06001E78AD /* searchbar_textfield_background@2x.png */; };
		ADE81EAA1C103D4C009899B7 /* Assets.xcassets in Resources */ = {isa = PBXBuildFile; fileRef = ADE81EA91C103D4C009899B7 /* Assets.xcassets */; };
		ADF1A0001C1674CA00D1B664 /* DiscoverViewController.m in Sources */ = {isa = PBXBuildFile; fileRef = ADF19FC91C1674C900D1B664 /* DiscoverViewController.m */; };
		ADF1A0011C1674CA00D1B664 /* HomeViewController.m in Sources */ = {isa = PBXBuildFile; fileRef = ADF19FCC1C1674C900D1B664 /* HomeViewController.m */; };
		ADF1A0021C1674CA00D1B664 /* MessageViewController.m in Sources */ = {isa = PBXBuildFile; fileRef = ADF19FCF1C1674C900D1B664 /* MessageViewController.m */; };
		ADF1A0031C1674CA00D1B664 /* MyViewController.m in Sources */ = {isa = PBXBuildFile; fileRef = ADF19FD21C1674C900D1B664 /* MyViewController.m */; };
		ADF1A0041C1674CA00D1B664 /* navigationbar_arrow_down@2x.png in Resources */ = {isa = PBXBuildFile; fileRef = ADF19FD41C1674C900D1B664 /* navigationbar_arrow_down@2x.png */; };
		ADF1A0051C1674CA00D1B664 /* navigationbar_arrow_up@2x.png in Resources */ = {isa = PBXBuildFile; fileRef = ADF19FD51C1674C900D1B664 /* navigationbar_arrow_up@2x.png */; };
		ADF1A0061C1674CA00D1B664 /* navigationbar_back@2x.png in Resources */ = {isa = PBXBuildFile; fileRef = ADF19FD61C1674C900D1B664 /* navigationbar_back@2x.png */; };
		ADF1A0071C1674CA00D1B664 /* navigationbar_back_highlighted@2x.png in Resources */ = {isa = PBXBuildFile; fileRef = ADF19FD71C1674C900D1B664 /* navigationbar_back_highlighted@2x.png */; };
		ADF1A0081C1674CA00D1B664 /* navigationbar_friendsearch@2x.png in Resources */ = {isa = PBXBuildFile; fileRef = ADF19FD81C1674C900D1B664 /* navigationbar_friendsearch@2x.png */; };
		ADF1A0091C1674CA00D1B664 /* navigationbar_friendsearch_highlighted@2x.png in Resources */ = {isa = PBXBuildFile; fileRef = ADF19FD91C1674C900D1B664 /* navigationbar_friendsearch_highlighted@2x.png */; };
		ADF1A00A1C1674CA00D1B664 /* navigationbar_more@2x.png in Resources */ = {isa = PBXBuildFile; fileRef = ADF19FDA1C1674C900D1B664 /* navigationbar_more@2x.png */; };
		ADF1A00B1C1674CA00D1B664 /* navigationbar_more_highlighted@2x.png in Resources */ = {isa = PBXBuildFile; fileRef = ADF19FDB1C1674C900D1B664 /* navigationbar_more_highlighted@2x.png */; };
		ADF1A00C1C1674CA00D1B664 /* navigationbar_pop@2x.png in Resources */ = {isa = PBXBuildFile; fileRef = ADF19FDC1C1674C900D1B664 /* navigationbar_pop@2x.png */; };
		ADF1A00D1C1674CA00D1B664 /* navigationbar_pop_highlighted@2x.png in Resources */ = {isa = PBXBuildFile; fileRef = ADF19FDD1C1674C900D1B664 /* navigationbar_pop_highlighted@2x.png */; };
		ADF1A00E1C1674CA00D1B664 /* tabbar_discover@2x.png in Resources */ = {isa = PBXBuildFile; fileRef = ADF19FDE1C1674C900D1B664 /* tabbar_discover@2x.png */; };
		ADF1A00F1C1674CA00D1B664 /* tabbar_discover_selected@2x.png in Resources */ = {isa = PBXBuildFile; fileRef = ADF19FDF1C1674C900D1B664 /* tabbar_discover_selected@2x.png */; };
		ADF1A0101C1674CA00D1B664 /* tabbar_home@2x.png in Resources */ = {isa = PBXBuildFile; fileRef = ADF19FE01C1674C900D1B664 /* tabbar_home@2x.png */; };
		ADF1A0111C1674CA00D1B664 /* tabbar_home_selected@2x.png in Resources */ = {isa = PBXBuildFile; fileRef = ADF19FE11C1674C900D1B664 /* tabbar_home_selected@2x.png */; };
		ADF1A0121C1674CA00D1B664 /* tabbar_message_center@2x.png in Resources */ = {isa = PBXBuildFile; fileRef = ADF19FE21C1674C900D1B664 /* tabbar_message_center@2x.png */; };
		ADF1A0131C1674CA00D1B664 /* tabbar_message_center_selected@2x.png in Resources */ = {isa = PBXBuildFile; fileRef = ADF19FE31C1674C900D1B664 /* tabbar_message_center_selected@2x.png */; };
		ADF1A0141C1674CA00D1B664 /* tabbar_profile@2x.png in Resources */ = {isa = PBXBuildFile; fileRef = ADF19FE41C1674C900D1B664 /* tabbar_profile@2x.png */; };
		ADF1A0151C1674CA00D1B664 /* tabbar_profile_selected@2x.png in Resources */ = {isa = PBXBuildFile; fileRef = ADF19FE51C1674C900D1B664 /* tabbar_profile_selected@2x.png */; };
		ADF1A0161C1674CA00D1B664 /* AppDelegate.m in Sources */ = {isa = PBXBuildFile; fileRef = ADF19FE91C1674C900D1B664 /* AppDelegate.m */; };
		ADF1A0171C1674CA00D1B664 /* BaseNavigationController.m in Sources */ = {isa = PBXBuildFile; fileRef = ADF19FEB1C1674C900D1B664 /* BaseNavigationController.m */; };
		ADF1A0191C1674CA00D1B664 /* main.m in Sources */ = {isa = PBXBuildFile; fileRef = ADF19FEE1C1674C900D1B664 /* main.m */; };
		ADF1A01A1C1674CA00D1B664 /* mainViewController.m in Sources */ = {isa = PBXBuildFile; fileRef = ADF19FF01C1674C900D1B664 /* mainViewController.m */; };
		ADF1A01B1C1674CA00D1B664 /* UIView+Extension.m in Sources */ = {isa = PBXBuildFile; fileRef = ADF19FF21C1674C900D1B664 /* UIView+Extension.m */; };
		ADF1A01C1C1674CA00D1B664 /* TestViewController.m in Sources */ = {isa = PBXBuildFile; fileRef = ADF19FFA1C1674C900D1B664 /* TestViewController.m */; };
/* End PBXBuildFile section */

/* Begin PBXFileReference section */
		8B090F4D1C107C310012D943 /* Default-568h@2x.png */ = {isa = PBXFileReference; lastKnownFileType = image.png; name = "Default-568h@2x.png"; path = "../../Default-568h@2x.png"; sourceTree = "<group>"; };
		AD1D71081C1816E500118C26 /* searchbar_textfield_search_icon@2x.png */ = {isa = PBXFileReference; lastKnownFileType = image.png; path = "searchbar_textfield_search_icon@2x.png"; sourceTree = "<group>"; };
		AD1D710A1C181A1900118C26 /* HSSearchBar.h */ = {isa = PBXFileReference; fileEncoding = 4; lastKnownFileType = sourcecode.c.h; path = HSSearchBar.h; sourceTree = "<group>"; };
		AD1D710B1C181A1900118C26 /* HSSearchBar.m */ = {isa = PBXFileReference; fileEncoding = 4; lastKnownFileType = sourcecode.c.objc; path = HSSearchBar.m; sourceTree = "<group>"; };
		AD99D3501C167844001E78AD /* Info.plist */ = {isa = PBXFileReference; fileEncoding = 4; lastKnownFileType = text.plist.xml; path = Info.plist; sourceTree = "<group>"; };
		AD99D3581C16A12E001E78AD /* UIBarButtonItem+Extension.h */ = {isa = PBXFileReference; fileEncoding = 4; lastKnownFileType = sourcecode.c.h; path = "UIBarButtonItem+Extension.h"; sourceTree = "<group>"; };
		AD99D3591C16A12E001E78AD /* UIBarButtonItem+Extension.m */ = {isa = PBXFileReference; fileEncoding = 4; lastKnownFileType = sourcecode.c.objc; path = "UIBarButtonItem+Extension.m"; sourceTree = "<group>"; };
		AD99D35B1C16BC06001E78AD /* searchbar_textfield_background@2x.png */ = {isa = PBXFileReference; lastKnownFileType = image.png; name = "searchbar_textfield_background@2x.png"; path = "Iamges/searchbar_textfield_background@2x.png"; sourceTree = "<group>"; };
		ADE81E9A1C103D4C009899B7 /* learn-01.app */ = {isa = PBXFileReference; explicitFileType = wrapper.application; includeInIndex = 0; path = "learn-01.app"; sourceTree = BUILT_PRODUCTS_DIR; };
		ADE81EA91C103D4C009899B7 /* Assets.xcassets */ = {isa = PBXFileReference; lastKnownFileType = folder.assetcatalog; path = Assets.xcassets; sourceTree = "<group>"; };
		ADF19FC81C1674C900D1B664 /* DiscoverViewController.h */ = {isa = PBXFileReference; fileEncoding = 4; lastKnownFileType = sourcecode.c.h; path = DiscoverViewController.h; sourceTree = "<group>"; };
		ADF19FC91C1674C900D1B664 /* DiscoverViewController.m */ = {isa = PBXFileReference; fileEncoding = 4; lastKnownFileType = sourcecode.c.objc; path = DiscoverViewController.m; sourceTree = "<group>"; };
		ADF19FCB1C1674C900D1B664 /* HomeViewController.h */ = {isa = PBXFileReference; fileEncoding = 4; lastKnownFileType = sourcecode.c.h; path = HomeViewController.h; sourceTree = "<group>"; };
		ADF19FCC1C1674C900D1B664 /* HomeViewController.m */ = {isa = PBXFileReference; fileEncoding = 4; lastKnownFileType = sourcecode.c.objc; path = HomeViewController.m; sourceTree = "<group>"; };
		ADF19FCE1C1674C900D1B664 /* MessageViewController.h */ = {isa = PBXFileReference; fileEncoding = 4; lastKnownFileType = sourcecode.c.h; path = MessageViewController.h; sourceTree = "<group>"; };
		ADF19FCF1C1674C900D1B664 /* MessageViewController.m */ = {isa = PBXFileReference; fileEncoding = 4; lastKnownFileType = sourcecode.c.objc; path = MessageViewController.m; sourceTree = "<group>"; };
		ADF19FD11C1674C900D1B664 /* MyViewController.h */ = {isa = PBXFileReference; fileEncoding = 4; lastKnownFileType = sourcecode.c.h; path = MyViewController.h; sourceTree = "<group>"; };
		ADF19FD21C1674C900D1B664 /* MyViewController.m */ = {isa = PBXFileReference; fileEncoding = 4; lastKnownFileType = sourcecode.c.objc; path = MyViewController.m; sourceTree = "<group>"; };
		ADF19FD41C1674C900D1B664 /* navigationbar_arrow_down@2x.png */ = {isa = PBXFileReference; lastKnownFileType = image.png; path = "navigationbar_arrow_down@2x.png"; sourceTree = "<group>"; };
		ADF19FD51C1674C900D1B664 /* navigationbar_arrow_up@2x.png */ = {isa = PBXFileReference; lastKnownFileType = image.png; path = "navigationbar_arrow_up@2x.png"; sourceTree = "<group>"; };
		ADF19FD61C1674C900D1B664 /* navigationbar_back@2x.png */ = {isa = PBXFileReference; lastKnownFileType = image.png; path = "navigationbar_back@2x.png"; sourceTree = "<group>"; };
		ADF19FD71C1674C900D1B664 /* navigationbar_back_highlighted@2x.png */ = {isa = PBXFileReference; lastKnownFileType = image.png; path = "navigationbar_back_highlighted@2x.png"; sourceTree = "<group>"; };
		ADF19FD81C1674C900D1B664 /* navigationbar_friendsearch@2x.png */ = {isa = PBXFileReference; lastKnownFileType = image.png; path = "navigationbar_friendsearch@2x.png"; sourceTree = "<group>"; };
		ADF19FD91C1674C900D1B664 /* navigationbar_friendsearch_highlighted@2x.png */ = {isa = PBXFileReference; lastKnownFileType = image.png; path = "navigationbar_friendsearch_highlighted@2x.png"; sourceTree = "<group>"; };
		ADF19FDA1C1674C900D1B664 /* navigationbar_more@2x.png */ = {isa = PBXFileReference; lastKnownFileType = image.png; path = "navigationbar_more@2x.png"; sourceTree = "<group>"; };
		ADF19FDB1C1674C900D1B664 /* navigationbar_more_highlighted@2x.png */ = {isa = PBXFileReference; lastKnownFileType = image.png; path = "navigationbar_more_highlighted@2x.png"; sourceTree = "<group>"; };
		ADF19FDC1C1674C900D1B664 /* navigationbar_pop@2x.png */ = {isa = PBXFileReference; lastKnownFileType = image.png; path = "navigationbar_pop@2x.png"; sourceTree = "<group>"; };
		ADF19FDD1C1674C900D1B664 /* navigationbar_pop_highlighted@2x.png */ = {isa = PBXFileReference; lastKnownFileType = image.png; path = "navigationbar_pop_highlighted@2x.png"; sourceTree = "<group>"; };
		ADF19FDE1C1674C900D1B664 /* tabbar_discover@2x.png */ = {isa = PBXFileReference; lastKnownFileType = image.png; path = "tabbar_discover@2x.png"; sourceTree = "<group>"; };
		ADF19FDF1C1674C900D1B664 /* tabbar_discover_selected@2x.png */ = {isa = PBXFileReference; lastKnownFileType = image.png; path = "tabbar_discover_selected@2x.png"; sourceTree = "<group>"; };
		ADF19FE01C1674C900D1B664 /* tabbar_home@2x.png */ = {isa = PBXFileReference; lastKnownFileType = image.png; path = "tabbar_home@2x.png"; sourceTree = "<group>"; };
		ADF19FE11C1674C900D1B664 /* tabbar_home_selected@2x.png */ = {isa = PBXFileReference; lastKnownFileType = image.png; path = "tabbar_home_selected@2x.png"; sourceTree = "<group>"; };
		ADF19FE21C1674C900D1B664 /* tabbar_message_center@2x.png */ = {isa = PBXFileReference; lastKnownFileType = image.png; path = "tabbar_message_center@2x.png"; sourceTree = "<group>"; };
		ADF19FE31C1674C900D1B664 /* tabbar_message_center_selected@2x.png */ = {isa = PBXFileReference; lastKnownFileType = image.png; path = "tabbar_message_center_selected@2x.png"; sourceTree = "<group>"; };
		ADF19FE41C1674C900D1B664 /* tabbar_profile@2x.png */ = {isa = PBXFileReference; lastKnownFileType = image.png; path = "tabbar_profile@2x.png"; sourceTree = "<group>"; };
		ADF19FE51C1674C900D1B664 /* tabbar_profile_selected@2x.png */ = {isa = PBXFileReference; lastKnownFileType = image.png; path = "tabbar_profile_selected@2x.png"; sourceTree = "<group>"; };
		ADF19FE81C1674C900D1B664 /* AppDelegate.h */ = {isa = PBXFileReference; fileEncoding = 4; lastKnownFileType = sourcecode.c.h; path = AppDelegate.h; sourceTree = "<group>"; };
		ADF19FE91C1674C900D1B664 /* AppDelegate.m */ = {isa = PBXFileReference; fileEncoding = 4; lastKnownFileType = sourcecode.c.objc; path = AppDelegate.m; sourceTree = "<group>"; };
		ADF19FEA1C1674C900D1B664 /* BaseNavigationController.h */ = {isa = PBXFileReference; fileEncoding = 4; lastKnownFileType = sourcecode.c.h; path = BaseNavigationController.h; sourceTree = "<group>"; };
		ADF19FEB1C1674C900D1B664 /* BaseNavigationController.m */ = {isa = PBXFileReference; fileEncoding = 4; lastKnownFileType = sourcecode.c.objc; path = BaseNavigationController.m; sourceTree = "<group>"; };
		ADF19FEC1C1674C900D1B664 /* Header.h */ = {isa = PBXFileReference; fileEncoding = 4; lastKnownFileType = sourcecode.c.h; path = Header.h; sourceTree = "<group>"; };
		ADF19FEE1C1674C900D1B664 /* main.m */ = {isa = PBXFileReference; fileEncoding = 4; lastKnownFileType = sourcecode.c.objc; path = main.m; sourceTree = "<group>"; };
		ADF19FEF1C1674C900D1B664 /* mainViewController.h */ = {isa = PBXFileReference; fileEncoding = 4; lastKnownFileType = sourcecode.c.h; path = mainViewController.h; sourceTree = "<group>"; };
		ADF19FF01C1674C900D1B664 /* mainViewController.m */ = {isa = PBXFileReference; fileEncoding = 4; lastKnownFileType = sourcecode.c.objc; path = mainViewController.m; sourceTree = "<group>"; };
		ADF19FF11C1674C900D1B664 /* UIView+Extension.h */ = {isa = PBXFileReference; fileEncoding = 4; lastKnownFileType = sourcecode.c.h; path = "UIView+Extension.h"; sourceTree = "<group>"; };
		ADF19FF21C1674C900D1B664 /* UIView+Extension.m */ = {isa = PBXFileReference; fileEncoding = 4; lastKnownFileType = sourcecode.c.objc; path = "UIView+Extension.m"; sourceTree = "<group>"; };
		ADF19FF91C1674C900D1B664 /* TestViewController.h */ = {isa = PBXFileReference; fileEncoding = 4; lastKnownFileType = sourcecode.c.h; path = TestViewController.h; sourceTree = "<group>"; };
		ADF19FFA1C1674C900D1B664 /* TestViewController.m */ = {isa = PBXFileReference; fileEncoding = 4; lastKnownFileType = sourcecode.c.objc; path = TestViewController.m; sourceTree = "<group>"; };
/* End PBXFileReference section */

/* Begin PBXFrameworksBuildPhase section */
		ADE81E971C103D4C009899B7 /* Frameworks */ = {
			isa = PBXFrameworksBuildPhase;
			buildActionMask = 2147483647;
			files = (
			);
			runOnlyForDeploymentPostprocessing = 0;
		};
/* End PBXFrameworksBuildPhase section */

/* Begin PBXGroup section */
		ADE81E911C103D4C009899B7 = {
			isa = PBXGroup;
			children = (
				ADE81E9C1C103D4C009899B7 /* learn-01 */,
				ADE81E9B1C103D4C009899B7 /* Products */,
			);
			sourceTree = "<group>";
		};
		ADE81E9B1C103D4C009899B7 /* Products */ = {
			isa = PBXGroup;
			children = (
				ADE81E9A1C103D4C009899B7 /* learn-01.app */,
			);
			name = Products;
			sourceTree = "<group>";
		};
		ADE81E9C1C103D4C009899B7 /* learn-01 */ = {
			isa = PBXGroup;
			children = (
				ADF19FC61C1674C900D1B664 /* Controller */,
				ADF19FD31C1674C900D1B664 /* Iamges */,
				ADF19FE61C1674C900D1B664 /* Lib */,
				ADF19FE71C1674C900D1B664 /* Main */,
				ADF19FF31C1674C900D1B664 /* Model */,
				ADF19FF81C1674C900D1B664 /* Other */,
				ADF19FFB1C1674C900D1B664 /* View */,
				ADE81EA91C103D4C009899B7 /* Assets.xcassets */,
				AD99D35B1C16BC06001E78AD /* searchbar_textfield_background@2x.png */,
				ADE81E9D1C103D4C009899B7 /* Supporting Files */,
			);
			path = "learn-01";
			sourceTree = "<group>";
		};
		ADE81E9D1C103D4C009899B7 /* Supporting Files */ = {
			isa = PBXGroup;
			children = (
				AD99D3501C167844001E78AD /* Info.plist */,
			);
			name = "Supporting Files";
			sourceTree = "<group>";
		};
		ADF19FC61C1674C900D1B664 /* Controller */ = {
			isa = PBXGroup;
			children = (
				ADF19FC71C1674C900D1B664 /* discover */,
				ADF19FCA1C1674C900D1B664 /* home */,
				ADF19FCD1C1674C900D1B664 /* message */,
				ADF19FD01C1674C900D1B664 /* my */,
			);
			path = Controller;
			sourceTree = "<group>";
		};
		ADF19FC71C1674C900D1B664 /* discover */ = {
			isa = PBXGroup;
			children = (
				ADF19FC81C1674C900D1B664 /* DiscoverViewController.h */,
				ADF19FC91C1674C900D1B664 /* DiscoverViewController.m */,
			);
			path = discover;
			sourceTree = "<group>";
		};
		ADF19FCA1C1674C900D1B664 /* home */ = {
			isa = PBXGroup;
			children = (
				ADF19FCB1C1674C900D1B664 /* HomeViewController.h */,
				ADF19FCC1C1674C900D1B664 /* HomeViewController.m */,
			);
			path = home;
			sourceTree = "<group>";
		};
		ADF19FCD1C1674C900D1B664 /* message */ = {
			isa = PBXGroup;
			children = (
				ADF19FCE1C1674C900D1B664 /* MessageViewController.h */,
				ADF19FCF1C1674C900D1B664 /* MessageViewController.m */,
			);
			path = message;
			sourceTree = "<group>";
		};
		ADF19FD01C1674C900D1B664 /* my */ = {
			isa = PBXGroup;
			children = (
				ADF19FD11C1674C900D1B664 /* MyViewController.h */,
				ADF19FD21C1674C900D1B664 /* MyViewController.m */,
			);
			path = my;
			sourceTree = "<group>";
		};
		ADF19FD31C1674C900D1B664 /* Iamges */ = {
			isa = PBXGroup;
			children = (
				AD1D71081C1816E500118C26 /* searchbar_textfield_search_icon@2x.png */,
				8B090F4D1C107C310012D943 /* Default-568h@2x.png */,
				ADF19FD41C1674C900D1B664 /* navigationbar_arrow_down@2x.png */,
				ADF19FD51C1674C900D1B664 /* navigationbar_arrow_up@2x.png */,
				ADF19FD61C1674C900D1B664 /* navigationbar_back@2x.png */,
				ADF19FD71C1674C900D1B664 /* navigationbar_back_highlighted@2x.png */,
				ADF19FD81C1674C900D1B664 /* navigationbar_friendsearch@2x.png */,
				ADF19FD91C1674C900D1B664 /* navigationbar_friendsearch_highlighted@2x.png */,
				ADF19FDA1C1674C900D1B664 /* navigationbar_more@2x.png */,
				ADF19FDB1C1674C900D1B664 /* navigationbar_more_highlighted@2x.png */,
				ADF19FDC1C1674C900D1B664 /* navigationbar_pop@2x.png */,
				ADF19FDD1C1674C900D1B664 /* navigationbar_pop_highlighted@2x.png */,
				ADF19FDE1C1674C900D1B664 /* tabbar_discover@2x.png */,
				ADF19FDF1C1674C900D1B664 /* tabbar_discover_selected@2x.png */,
				ADF19FE01C1674C900D1B664 /* tabbar_home@2x.png */,
				ADF19FE11C1674C900D1B664 /* tabbar_home_selected@2x.png */,
				ADF19FE21C1674C900D1B664 /* tabbar_message_center@2x.png */,
				ADF19FE31C1674C900D1B664 /* tabbar_message_center_selected@2x.png */,
				ADF19FE41C1674C900D1B664 /* tabbar_profile@2x.png */,
				ADF19FE51C1674C900D1B664 /* tabbar_profile_selected@2x.png */,
			);
			path = Iamges;
			sourceTree = "<group>";
		};
		ADF19FE61C1674C900D1B664 /* Lib */ = {
			isa = PBXGroup;
			children = (
			);
			path = Lib;
			sourceTree = "<group>";
		};
		ADF19FE71C1674C900D1B664 /* Main */ = {
			isa = PBXGroup;
			children = (
				ADF19FE81C1674C900D1B664 /* AppDelegate.h */,
				ADF19FE91C1674C900D1B664 /* AppDelegate.m */,
				ADF19FEC1C1674C900D1B664 /* Header.h */,
				ADF19FEE1C1674C900D1B664 /* main.m */,
				ADF19FEF1C1674C900D1B664 /* mainViewController.h */,
				ADF19FF01C1674C900D1B664 /* mainViewController.m */,
				ADF19FEA1C1674C900D1B664 /* BaseNavigationController.h */,
				ADF19FEB1C1674C900D1B664 /* BaseNavigationController.m */,
				ADF19FF11C1674C900D1B664 /* UIView+Extension.h */,
				ADF19FF21C1674C900D1B664 /* UIView+Extension.m */,
				AD99D3581C16A12E001E78AD /* UIBarButtonItem+Extension.h */,
				AD99D3591C16A12E001E78AD /* UIBarButtonItem+Extension.m */,
				AD1D710A1C181A1900118C26 /* HSSearchBar.h */,
				AD1D710B1C181A1900118C26 /* HSSearchBar.m */,
			);
			path = Main;
			sourceTree = "<group>";
		};
		ADF19FF31C1674C900D1B664 /* Model */ = {
			isa = PBXGroup;
			children = (
				ADF19FF41C1674C900D1B664 /* discover */,
				ADF19FF51C1674C900D1B664 /* home */,
				ADF19FF61C1674C900D1B664 /* message */,
				ADF19FF71C1674C900D1B664 /* my */,
			);
			path = Model;
			sourceTree = "<group>";
		};
		ADF19FF41C1674C900D1B664 /* discover */ = {
			isa = PBXGroup;
			children = (
			);
			path = discover;
			sourceTree = "<group>";
		};
		ADF19FF51C1674C900D1B664 /* home */ = {
			isa = PBXGroup;
			children = (
			);
			path = home;
			sourceTree = "<group>";
		};
		ADF19FF61C1674C900D1B664 /* message */ = {
			isa = PBXGroup;
			children = (
			);
			path = message;
			sourceTree = "<group>";
		};
		ADF19FF71C1674C900D1B664 /* my */ = {
			isa = PBXGroup;
			children = (
			);
			path = my;
			sourceTree = "<group>";
		};
		ADF19FF81C1674C900D1B664 /* Other */ = {
			isa = PBXGroup;
			children = (
				ADF19FF91C1674C900D1B664 /* TestViewController.h */,
				ADF19FFA1C1674C900D1B664 /* TestViewController.m */,
			);
			path = Other;
			sourceTree = "<group>";
		};
		ADF19FFB1C1674C900D1B664 /* View */ = {
			isa = PBXGroup;
			children = (
				ADF19FFC1C1674C900D1B664 /* discover */,
				ADF19FFD1C1674CA00D1B664 /* home */,
				ADF19FFE1C1674CA00D1B664 /* message */,
				ADF19FFF1C1674CA00D1B664 /* my */,
			);
			path = View;
			sourceTree = "<group>";
		};
		ADF19FFC1C1674C900D1B664 /* discover */ = {
			isa = PBXGroup;
			children = (
			);
			path = discover;
			sourceTree = "<group>";
		};
		ADF19FFD1C1674CA00D1B664 /* home */ = {
			isa = PBXGroup;
			children = (
			);
			path = home;
			sourceTree = "<group>";
		};
		ADF19FFE1C1674CA00D1B664 /* message */ = {
			isa = PBXGroup;
			children = (
			);
			path = message;
			sourceTree = "<group>";
		};
		ADF19FFF1C1674CA00D1B664 /* my */ = {
			isa = PBXGroup;
			children = (
			);
			path = my;
			sourceTree = "<group>";
		};
/* End PBXGroup section */

/* Begin PBXNativeTarget section */
		ADE81E991C103D4C009899B7 /* learn-01 */ = {
			isa = PBXNativeTarget;
			buildConfigurationList = ADE81EB11C103D4C009899B7 /* Build configuration list for PBXNativeTarget "learn-01" */;
			buildPhases = (
				ADE81E961C103D4C009899B7 /* Sources */,
				ADE81E971C103D4C009899B7 /* Frameworks */,
				ADE81E981C103D4C009899B7 /* Resources */,
			);
			buildRules = (
			);
			dependencies = (
			);
			name = "learn-01";
			productName = "learn-01";
			productReference = ADE81E9A1C103D4C009899B7 /* learn-01.app */;
			productType = "com.apple.product-type.application";
		};
/* End PBXNativeTarget section */

/* Begin PBXProject section */
		ADE81E921C103D4C009899B7 /* Project object */ = {
			isa = PBXProject;
			attributes = {
				LastUpgradeCheck = 0710;
				ORGANIZATIONNAME = LJP;
				TargetAttributes = {
					ADE81E991C103D4C009899B7 = {
						CreatedOnToolsVersion = 7.1.1;
					};
				};
			};
			buildConfigurationList = ADE81E951C103D4C009899B7 /* Build configuration list for PBXProject "learn-01" */;
			compatibilityVersion = "Xcode 3.2";
			developmentRegion = English;
			hasScannedForEncodings = 0;
			knownRegions = (
				en,
				Base,
			);
			mainGroup = ADE81E911C103D4C009899B7;
			productRefGroup = ADE81E9B1C103D4C009899B7 /* Products */;
			projectDirPath = "";
			projectRoot = "";
			targets = (
				ADE81E991C103D4C009899B7 /* learn-01 */,
			);
		};
/* End PBXProject section */

/* Begin PBXResourcesBuildPhase section */
		ADE81E981C103D4C009899B7 /* Resources */ = {
			isa = PBXResourcesBuildPhase;
			buildActionMask = 2147483647;
			files = (
				ADF1A00C1C1674CA00D1B664 /* navigationbar_pop@2x.png in Resources */,
				ADE81EAA1C103D4C009899B7 /* Assets.xcassets in Resources */,
				ADF1A0061C1674CA00D1B664 /* navigationbar_back@2x.png in Resources */,
				ADF1A0151C1674CA00D1B664 /* tabbar_profile_selected@2x.png in Resources */,
				ADF1A0051C1674CA00D1B664 /* navigationbar_arrow_up@2x.png in Resources */,
				ADF1A0111C1674CA00D1B664 /* tabbar_home_selected@2x.png in Resources */,
				ADF1A0121C1674CA00D1B664 /* tabbar_message_center@2x.png in Resources */,
				ADF1A0101C1674CA00D1B664 /* tabbar_home@2x.png in Resources */,
				ADF1A0141C1674CA00D1B664 /* tabbar_profile@2x.png in Resources */,
				AD1D71091C1816E600118C26 /* searchbar_textfield_search_icon@2x.png in Resources */,
				ADF1A00D1C1674CA00D1B664 /* navigationbar_pop_highlighted@2x.png in Resources */,
				ADF1A00B1C1674CA00D1B664 /* navigationbar_more_highlighted@2x.png in Resources */,
				8B090F4E1C107C310012D943 /* Default-568h@2x.png in Resources */,
				AD99D35C1C16BC06001E78AD /* searchbar_textfield_background@2x.png in Resources */,
				ADF1A00A1C1674CA00D1B664 /* navigationbar_more@2x.png in Resources */,
				ADF1A00E1C1674CA00D1B664 /* tabbar_discover@2x.png in Resources */,
				ADF1A0091C1674CA00D1B664 /* navigationbar_friendsearch_highlighted@2x.png in Resources */,
				ADF1A00F1C1674CA00D1B664 /* tabbar_discover_selected@2x.png in Resources */,
				ADF1A0131C1674CA00D1B664 /* tabbar_message_center_selected@2x.png in Resources */,
				ADF1A0041C1674CA00D1B664 /* navigationbar_arrow_down@2x.png in Resources */,
				ADF1A0081C1674CA00D1B664 /* navigationbar_friendsearch@2x.png in Resources */,
				ADF1A0071C1674CA00D1B664 /* navigationbar_back_highlighted@2x.png in Resources */,
				AD99D3511C167844001E78AD /* Info.plist in Resources */,
			);
			runOnlyForDeploymentPostprocessing = 0;
		};
/* End PBXResourcesBuildPhase section */

/* Begin PBXSourcesBuildPhase section */
		ADE81E961C103D4C009899B7 /* Sources */ = {
			isa = PBXSourcesBuildPhase;
			buildActionMask = 2147483647;
			files = (
				AD99D35A1C16A12E001E78AD /* UIBarButtonItem+Extension.m in Sources */,
				ADF1A01B1C1674CA00D1B664 /* UIView+Extension.m in Sources */,
				AD1D710C1C181A1900118C26 /* HSSearchBar.m in Sources */,
				ADF1A0171C1674CA00D1B664 /* BaseNavigationController.m in Sources */,
				ADF1A0001C1674CA00D1B664 /* DiscoverViewController.m in Sources */,
				ADF1A0161C1674CA00D1B664 /* AppDelegate.m in Sources */,
				ADF1A0021C1674CA00D1B664 /* MessageViewController.m in Sources */,
				ADF1A0011C1674CA00D1B664 /* HomeViewController.m in Sources */,
				ADF1A01C1C1674CA00D1B664 /* TestViewController.m in Sources */,
				ADF1A01A1C1674CA00D1B664 /* mainViewController.m in Sources */,
				ADF1A0191C1674CA00D1B664 /* main.m in Sources */,
				ADF1A0031C1674CA00D1B664 /* MyViewController.m in Sources */,
			);
			runOnlyForDeploymentPostprocessing = 0;
		};
/* End PBXSourcesBuildPhase section */

/* Begin XCBuildConfiguration section */
		ADE81EAF1C103D4C009899B7 /* Debug */ = {
			isa = XCBuildConfiguration;
			buildSettings = {
				ALWAYS_SEARCH_USER_PATHS = NO;
				CLANG_CXX_LANGUAGE_STANDARD = "gnu++0x";
				CLANG_CXX_LIBRARY = "libc++";
				CLANG_ENABLE_MODULES = YES;
				CLANG_ENABLE_OBJC_ARC = YES;
				CLANG_WARN_BOOL_CONVERSION = YES;
				CLANG_WARN_CONSTANT_CONVERSION = YES;
				CLANG_WARN_DIRECT_OBJC_ISA_USAGE = YES_ERROR;
				CLANG_WARN_EMPTY_BODY = YES;
				CLANG_WARN_ENUM_CONVERSION = YES;
				CLANG_WARN_INT_CONVERSION = YES;
				CLANG_WARN_OBJC_ROOT_CLASS = YES_ERROR;
				CLANG_WARN_UNREACHABLE_CODE = YES;
				CLANG_WARN__DUPLICATE_METHOD_MATCH = YES;
				"CODE_SIGN_IDENTITY[sdk=iphoneos*]" = "iPhone Developer";
				COPY_PHASE_STRIP = NO;
				DEBUG_INFORMATION_FORMAT = dwarf;
				ENABLE_STRICT_OBJC_MSGSEND = YES;
				ENABLE_TESTABILITY = YES;
				GCC_C_LANGUAGE_STANDARD = gnu99;
				GCC_DYNAMIC_NO_PIC = NO;
				GCC_NO_COMMON_BLOCKS = YES;
				GCC_OPTIMIZATION_LEVEL = 0;
				GCC_PREPROCESSOR_DEFINITIONS = (
					"DEBUG=1",
					"$(inherited)",
				);
				GCC_WARN_64_TO_32_BIT_CONVERSION = YES;
				GCC_WARN_ABOUT_RETURN_TYPE = YES_ERROR;
				GCC_WARN_UNDECLARED_SELECTOR = YES;
				GCC_WARN_UNINITIALIZED_AUTOS = YES_AGGRESSIVE;
				GCC_WARN_UNUSED_FUNCTION = YES;
				GCC_WARN_UNUSED_VARIABLE = YES;
				IPHONEOS_DEPLOYMENT_TARGET = 9.1;
				MTL_ENABLE_DEBUG_INFO = YES;
				ONLY_ACTIVE_ARCH = YES;
				SDKROOT = iphoneos;
			};
			name = Debug;
		};
		ADE81EB01C103D4C009899B7 /* Release */ = {
			isa = XCBuildConfiguration;
			buildSettings = {
				ALWAYS_SEARCH_USER_PATHS = NO;
				CLANG_CXX_LANGUAGE_STANDARD = "gnu++0x";
				CLANG_CXX_LIBRARY = "libc++";
				CLANG_ENABLE_MODULES = YES;
				CLANG_ENABLE_OBJC_ARC = YES;
				CLANG_WARN_BOOL_CONVERSION = YES;
				CLANG_WARN_CONSTANT_CONVERSION = YES;
				CLANG_WARN_DIRECT_OBJC_ISA_USAGE = YES_ERROR;
				CLANG_WARN_EMPTY_BODY = YES;
				CLANG_WARN_ENUM_CONVERSION = YES;
				CLANG_WARN_INT_CONVERSION = YES;
				CLANG_WARN_OBJC_ROOT_CLASS = YES_ERROR;
				CLANG_WARN_UNREACHABLE_CODE = YES;
				CLANG_WARN__DUPLICATE_METHOD_MATCH = YES;
				"CODE_SIGN_IDENTITY[sdk=iphoneos*]" = "iPhone Developer";
				COPY_PHASE_STRIP = NO;
				DEBUG_INFORMATION_FORMAT = "dwarf-with-dsym";
				ENABLE_NS_ASSERTIONS = NO;
				ENABLE_STRICT_OBJC_MSGSEND = YES;
				GCC_C_LANGUAGE_STANDARD = gnu99;
				GCC_NO_COMMON_BLOCKS = YES;
				GCC_WARN_64_TO_32_BIT_CONVERSION = YES;
				GCC_WARN_ABOUT_RETURN_TYPE = YES_ERROR;
				GCC_WARN_UNDECLARED_SELECTOR = YES;
				GCC_WARN_UNINITIALIZED_AUTOS = YES_AGGRESSIVE;
				GCC_WARN_UNUSED_FUNCTION = YES;
				GCC_WARN_UNUSED_VARIABLE = YES;
				IPHONEOS_DEPLOYMENT_TARGET = 9.1;
				MTL_ENABLE_DEBUG_INFO = NO;
				SDKROOT = iphoneos;
				VALIDATE_PRODUCT = YES;
			};
			name = Release;
		};
		ADE81EB21C103D4C009899B7 /* Debug */ = {
			isa = XCBuildConfiguration;
			buildSettings = {
				ASSETCATALOG_COMPILER_APPICON_NAME = AppIcon;
				INFOPLIST_FILE = "learn-01/Info.plist";
				LD_RUNPATH_SEARCH_PATHS = "$(inherited) @executable_path/Frameworks";
				PRODUCT_BUNDLE_IDENTIFIER = "cpm.kdhs.learn-01";
				PRODUCT_NAME = "$(TARGET_NAME)";
			};
			name = Debug;
		};
		ADE81EB31C103D4C009899B7 /* Release */ = {
			isa = XCBuildConfiguration;
			buildSettings = {
				ASSETCATALOG_COMPILER_APPICON_NAME = AppIcon;
				INFOPLIST_FILE = "learn-01/Info.plist";
				LD_RUNPATH_SEARCH_PATHS = "$(inherited) @executable_path/Frameworks";
				PRODUCT_BUNDLE_IDENTIFIER = "cpm.kdhs.learn-01";
				PRODUCT_NAME = "$(TARGET_NAME)";
			};
			name = Release;
		};
/* End XCBuildConfiguration section */

/* Begin XCConfigurationList section */
		ADE81E951C103D4C009899B7 /* Build configuration list for PBXProject "learn-01" */ = {
			isa = XCConfigurationList;
			buildConfigurations = (
				ADE81EAF1C103D4C009899B7 /* Debug */,
				ADE81EB01C103D4C009899B7 /* Release */,
			);
			defaultConfigurationIsVisible = 0;
			defaultConfigurationName = Release;
		};
		ADE81EB11C103D4C009899B7 /* Build configuration list for PBXNativeTarget "learn-01" */ = {
			isa = XCConfigurationList;
			buildConfigurations = (
				ADE81EB21C103D4C009899B7 /* Debug */,
				ADE81EB31C103D4C009899B7 /* Release */,
			);
			defaultConfigurationIsVisible = 0;
			defaultConfigurationName = Release;
		};
/* End XCConfigurationList section */
	};
	rootObject = ADE81E921C103D4C009899B7 /* Project object */;
}
